// !$*UTF8*$!
{
	archiveVersion = 1;
	classes = {
	};
	objectVersion = 46;
	objects = {

/* Begin PBXBuildFile section */
		B5CE71F81BB08234BBA8313E /* Pods_test_calendar.framework in Frameworks */ = {isa = PBXBuildFile; fileRef = 1130E32DE2804EB0232CCBA5 /* Pods_test_calendar.framework */; };
		D6EB42131F15C7DD00B15984 /* AppDelegate.swift in Sources */ = {isa = PBXBuildFile; fileRef = D6EB42121F15C7DD00B15984 /* AppDelegate.swift */; };
		D6EB42151F15C7DD00B15984 /* ViewController.swift in Sources */ = {isa = PBXBuildFile; fileRef = D6EB42141F15C7DD00B15984 /* ViewController.swift */; };
		D6EB42181F15C7DD00B15984 /* Main.storyboard in Resources */ = {isa = PBXBuildFile; fileRef = D6EB42161F15C7DD00B15984 /* Main.storyboard */; };
		D6EB421A1F15C7DD00B15984 /* Assets.xcassets in Resources */ = {isa = PBXBuildFile; fileRef = D6EB42191F15C7DD00B15984 /* Assets.xcassets */; };
		D6EB421D1F15C7DD00B15984 /* LaunchScreen.storyboard in Resources */ = {isa = PBXBuildFile; fileRef = D6EB421B1F15C7DD00B15984 /* LaunchScreen.storyboard */; };
/* End PBXBuildFile section */

/* Begin PBXFileReference section */
		0DB31D880F2060DA59F8D229 /* Pods-test_calendar.release.xcconfig */ = {isa = PBXFileReference; includeInIndex = 1; lastKnownFileType = text.xcconfig; name = "Pods-test_calendar.release.xcconfig"; path = "Pods/Target Support Files/Pods-test_calendar/Pods-test_calendar.release.xcconfig"; sourceTree = "<group>"; };
		1130E32DE2804EB0232CCBA5 /* Pods_test_calendar.framework */ = {isa = PBXFileReference; explicitFileType = wrapper.framework; includeInIndex = 0; path = Pods_test_calendar.framework; sourceTree = BUILT_PRODUCTS_DIR; };
		D6EB420F1F15C7DD00B15984 /* test_calendar.app */ = {isa = PBXFileReference; explicitFileType = wrapper.application; includeInIndex = 0; path = test_calendar.app; sourceTree = BUILT_PRODUCTS_DIR; };
		D6EB42121F15C7DD00B15984 /* AppDelegate.swift */ = {isa = PBXFileReference; lastKnownFileType = sourcecode.swift; path = AppDelegate.swift; sourceTree = "<group>"; };
		D6EB42141F15C7DD00B15984 /* ViewController.swift */ = {isa = PBXFileReference; lastKnownFileType = sourcecode.swift; path = ViewController.swift; sourceTree = "<group>"; };
		D6EB42171F15C7DD00B15984 /* Base */ = {isa = PBXFileReference; lastKnownFileType = file.storyboard; name = Base; path = Base.lproj/Main.storyboard; sourceTree = "<group>"; };
		D6EB42191F15C7DD00B15984 /* Assets.xcassets */ = {isa = PBXFileReference; lastKnownFileType = folder.assetcatalog; path = Assets.xcassets; sourceTree = "<group>"; };
		D6EB421C1F15C7DD00B15984 /* Base */ = {isa = PBXFileReference; lastKnownFileType = file.storyboard; name = Base; path = Base.lproj/LaunchScreen.storyboard; sourceTree = "<group>"; };
		D6EB421E1F15C7DD00B15984 /* Info.plist */ = {isa = PBXFileReference; lastKnownFileType = text.plist.xml; path = Info.plist; sourceTree = "<group>"; };
		F7B04D60AAB93E46F0F7B22A /* Pods-test_calendar.debug.xcconfig */ = {isa = PBXFileReference; includeInIndex = 1; lastKnownFileType = text.xcconfig; name = "Pods-test_calendar.debug.xcconfig"; path = "Pods/Target Support Files/Pods-test_calendar/Pods-test_calendar.debug.xcconfig"; sourceTree = "<group>"; };
/* End PBXFileReference section */

/* Begin PBXFrameworksBuildPhase section */
		D6EB420C1F15C7DD00B15984 /* Frameworks */ = {
			isa = PBXFrameworksBuildPhase;
			buildActionMask = 2147483647;
			files = (
				B5CE71F81BB08234BBA8313E /* Pods_test_calendar.framework in Frameworks */,
			);
			runOnlyForDeploymentPostprocessing = 0;
		};
/* End PBXFrameworksBuildPhase section */

/* Begin PBXGroup section */
		29BADF0E31452832C1AFD5BA /* Frameworks */ = {
			isa = PBXGroup;
			children = (
				1130E32DE2804EB0232CCBA5 /* Pods_test_calendar.framework */,
			);
			name = Frameworks;
			sourceTree = "<group>";
		};
		4D8FD0236FE6431382F9C927 /* Pods */ = {
			isa = PBXGroup;
			children = (
				F7B04D60AAB93E46F0F7B22A /* Pods-test_calendar.debug.xcconfig */,
				0DB31D880F2060DA59F8D229 /* Pods-test_calendar.release.xcconfig */,
			);
			name = Pods;
			sourceTree = "<group>";
		};
		D6EB42061F15C7DD00B15984 = {
			isa = PBXGroup;
			children = (
				D6EB42111F15C7DD00B15984 /* test_calendar */,
				D6EB42101F15C7DD00B15984 /* Products */,
				4D8FD0236FE6431382F9C927 /* Pods */,
				29BADF0E31452832C1AFD5BA /* Frameworks */,
			);
			sourceTree = "<group>";
		};
		D6EB42101F15C7DD00B15984 /* Products */ = {
			isa = PBXGroup;
			children = (
				D6EB420F1F15C7DD00B15984 /* test_calendar.app */,
			);
			name = Products;
			sourceTree = "<group>";
		};
		D6EB42111F15C7DD00B15984 /* test_calendar */ = {
			isa = PBXGroup;
			children = (
				D6EB42121F15C7DD00B15984 /* AppDelegate.swift */,
				D6EB42141F15C7DD00B15984 /* ViewController.swift */,
				D6EB42161F15C7DD00B15984 /* Main.storyboard */,
				D6EB42191F15C7DD00B15984 /* Assets.xcassets */,
				D6EB421B1F15C7DD00B15984 /* LaunchScreen.storyboard */,
				D6EB421E1F15C7DD00B15984 /* Info.plist */,
			);
			path = test_calendar;
			sourceTree = "<group>";
		};
/* End PBXGroup section */

/* Begin PBXNativeTarget section */
		D6EB420E1F15C7DD00B15984 /* test_calendar */ = {
			isa = PBXNativeTarget;
			buildConfigurationList = D6EB42211F15C7DD00B15984 /* Build configuration list for PBXNativeTarget "test_calendar" */;
			buildPhases = (
				2D9EE52E7013D8862B0AF33C /* [CP] Check Pods Manifest.lock */,
				D6EB420B1F15C7DD00B15984 /* Sources */,
				D6EB420C1F15C7DD00B15984 /* Frameworks */,
				D6EB420D1F15C7DD00B15984 /* Resources */,
				3F371A265B378E8EA8F9CD8D /* [CP] Embed Pods Frameworks */,
				C96D4F8D4A184EEE23CF82F0 /* [CP] Copy Pods Resources */,
			);
			buildRules = (
			);
			dependencies = (
			);
			name = test_calendar;
			productName = test_calendar;
			productReference = D6EB420F1F15C7DD00B15984 /* test_calendar.app */;
			productType = "com.apple.product-type.application";
		};
/* End PBXNativeTarget section */

/* Begin PBXProject section */
		D6EB42071F15C7DD00B15984 /* Project object */ = {
			isa = PBXProject;
			attributes = {
				LastSwiftUpdateCheck = 0830;
				LastUpgradeCheck = 0830;
				ORGANIZATIONNAME = Jimmy;
				TargetAttributes = {
					D6EB420E1F15C7DD00B15984 = {
						CreatedOnToolsVersion = 8.3.3;
						ProvisioningStyle = Automatic;
					};
				};
			};
			buildConfigurationList = D6EB420A1F15C7DD00B15984 /* Build configuration list for PBXProject "test_calendar" */;
			compatibilityVersion = "Xcode 3.2";
			developmentRegion = English;
			hasScannedForEncodings = 0;
			knownRegions = (
				en,
				Base,
			);
			mainGroup = D6EB42061F15C7DD00B15984;
			productRefGroup = D6EB42101F15C7DD00B15984 /* Products */;
			projectDirPath = "";
			projectRoot = "";
			targets = (
				D6EB420E1F15C7DD00B15984 /* test_calendar */,
			);
		};
/* End PBXProject section */

/* Begin PBXResourcesBuildPhase section */
		D6EB420D1F15C7DD00B15984 /* Resources */ = {
			isa = PBXResourcesBuildPhase;
			buildActionMask = 2147483647;
			files = (
				D6EB421D1F15C7DD00B15984 /* LaunchScreen.storyboard in Resources */,
				D6EB421A1F15C7DD00B15984 /* Assets.xcassets in Resources */,
				D6EB42181F15C7DD00B15984 /* Main.storyboard in Resources */,
			);
			runOnlyForDeploymentPostprocessing = 0;
		};
/* End PBXResourcesBuildPhase section */

/* Begin PBXShellScriptBuildPhase section */
		2D9EE52E7013D8862B0AF33C /* [CP] Check Pods Manifest.lock */ = {
			isa = PBXShellScriptBuildPhase;
			buildActionMask = 2147483647;
			files = (
			);
			inputPaths = (
			);
			name = "[CP] Check Pods Manifest.lock";
			outputPaths = (
			);
			runOnlyForDeploymentPostprocessing = 0;
			shellPath = /bin/sh;
			shellScript = "diff \"${PODS_PODFILE_DIR_PATH}/Podfile.lock\" \"${PODS_ROOT}/Manifest.lock\" > /dev/null\nif [ $? != 0 ] ; then\n    # print error to STDERR\n    echo \"error: The sandbox is not in sync with the Podfile.lock. Run 'pod install' or update your CocoaPods installation.\" >&2\n    exit 1\nfi\n";
			showEnvVarsInLog = 0;
		};
		3F371A265B378E8EA8F9CD8D /* [CP] Embed Pods Frameworks */ = {
			isa = PBXShellScriptBuildPhase;
			buildActionMask = 2147483647;
			files = (
			);
			inputPaths = (
			);
			name = "[CP] Embed Pods Frameworks";
			outputPaths = (
			);
			runOnlyForDeploymentPostprocessing = 0;
			shellPath = /bin/sh;
			shellScript = "\"${SRCROOT}/Pods/Target Support Files/Pods-test_calendar/Pods-test_calendar-frameworks.sh\"\n";
			showEnvVarsInLog = 0;
		};
		C96D4F8D4A184EEE23CF82F0 /* [CP] Copy Pods Resources */ = {
			isa = PBXShellScriptBuildPhase;
			buildActionMask = 2147483647;
			files = (
			);
			inputPaths = (
			);
			name = "[CP] Copy Pods Resources";
			outputPaths = (
			);
			runOnlyForDeploymentPostprocessing = 0;
			shellPath = /bin/sh;
			shellScript = "\"${SRCROOT}/Pods/Target Support Files/Pods-test_calendar/Pods-test_calendar-resources.sh\"\n";
			showEnvVarsInLog = 0;
		};
/* End PBXShellScriptBuildPhase section */

/* Begin PBXSourcesBuildPhase section */
		D6EB420B1F15C7DD00B15984 /* Sources */ = {
			isa = PBXSourcesBuildPhase;
			buildActionMask = 2147483647;
			files = (
				D6EB42151F15C7DD00B15984 /* ViewController.swift in Sources */,
				D6EB42131F15C7DD00B15984 /* AppDelegate.swift in Sources */,
			);
			runOnlyForDeploymentPostprocessing = 0;
		};
/* End PBXSourcesBuildPhase section */

/* Begin PBXVariantGroup section */
		D6EB42161F15C7DD00B15984 /* Main.storyboard */ = {
			isa = PBXVariantGroup;
			children = (
				D6EB42171F15C7DD00B15984 /* Base */,
			);
			name = Main.storyboard;
			sourceTree = "<group>";
		};
		D6EB421B1F15C7DD00B15984 /* LaunchScreen.storyboard */ = {
			isa = PBXVariantGroup;
			children = (
				D6EB421C1F15C7DD00B15984 /* Base */,
			);
			name = LaunchScreen.storyboard;
			sourceTree = "<group>";
		};
/* End PBXVariantGroup section */

/* Begin XCBuildConfiguration section */
		D6EB421F1F15C7DD00B15984 /* Debug */ = {
			isa = XCBuildConfiguration;
			buildSettings = {
				ALWAYS_SEARCH_USER_PATHS = NO;
				CLANG_ANALYZER_NONNULL = YES;
				CLANG_ANALYZER_NUMBER_OBJECT_CONVERSION = YES_AGGRESSIVE;
				CLANG_CXX_LANGUAGE_STANDARD = "gnu++0x";
				CLANG_CXX_LIBRARY = "libc++";
				CLANG_ENABLE_MODULES = YES;
				CLANG_ENABLE_OBJC_ARC = YES;
				CLANG_WARN_BOOL_CONVERSION = YES;
				CLANG_WARN_CONSTANT_CONVERSION = YES;
				CLANG_WARN_DIRECT_OBJC_ISA_USAGE = YES_ERROR;
				CLANG_WARN_DOCUMENTATION_COMMENTS = YES;
				CLANG_WARN_EMPTY_BODY = YES;
				CLANG_WARN_ENUM_CONVERSION = YES;
				CLANG_WARN_INFINITE_RECURSION = YES;
				CLANG_WARN_INT_CONVERSION = YES;
				CLANG_WARN_OBJC_ROOT_CLASS = YES_ERROR;
				CLANG_WARN_SUSPICIOUS_MOVE = YES;
				CLANG_WARN_UNREACHABLE_CODE = YES;
				CLANG_WARN__DUPLICATE_METHOD_MATCH = YES;
				"CODE_SIGN_IDENTITY[sdk=iphoneos*]" = "iPhone Developer";
				COPY_PHASE_STRIP = NO;
				DEBUG_INFORMATION_FORMAT = dwarf;
				ENABLE_STRICT_OBJC_MSGSEND = YES;
				ENABLE_TESTABILITY = YES;
				GCC_C_LANGUAGE_STANDARD = gnu99;
				GCC_DYNAMIC_NO_PIC = NO;
				GCC_NO_COMMON_BLOCKS = YES;
				GCC_OPTIMIZATION_LEVEL = 0;
				GCC_PREPROCESSOR_DEFINITIONS = (
					"DEBUG=1",
					"$(inherited)",
				);
				GCC_WARN_64_TO_32_BIT_CONVERSION = YES;
				GCC_WARN_ABOUT_RETURN_TYPE = YES_ERROR;
				GCC_WARN_UNDECLARED_SELECTOR = YES;
				GCC_WARN_UNINITIALIZED_AUTOS = YES_AGGRESSIVE;
				GCC_WARN_UNUSED_FUNCTION = YES;
				GCC_WARN_UNUSED_VARIABLE = YES;
				IPHONEOS_DEPLOYMENT_TARGET = 10.3;
				MTL_ENABLE_DEBUG_INFO = YES;
				ONLY_ACTIVE_ARCH = YES;
				SDKROOT = iphoneos;
				SWIFT_ACTIVE_COMPILATION_CONDITIONS = DEBUG;
				SWIFT_OPTIMIZATION_LEVEL = "-Onone";
				TARGETED_DEVICE_FAMILY = "1,2";
			};
			name = Debug;
		};
		D6EB42201F15C7DD00B15984 /* Release */ = {
			isa = XCBuildConfiguration;
			buildSettings = {
				ALWAYS_SEARCH_USER_PATHS = NO;
				CLANG_ANALYZER_NONNULL = YES;
				CLANG_ANALYZER_NUMBER_OBJECT_CONVERSION = YES_AGGRESSIVE;
				CLANG_CXX_LANGUAGE_STANDARD = "gnu++0x";
				CLANG_CXX_LIBRARY = "libc++";
				CLANG_ENABLE_MODULES = YES;
				CLANG_ENABLE_OBJC_ARC = YES;
				CLANG_WARN_BOOL_CONVERSION = YES;
				CLANG_WARN_CONSTANT_CONVERSION = YES;
				CLANG_WARN_DIRECT_OBJC_ISA_USAGE = YES_ERROR;
				CLANG_WARN_DOCUMENTATION_COMMENTS = YES;
				CLANG_WARN_EMPTY_BODY = YES;
				CLANG_WARN_ENUM_CONVERSION = YES;
				CLANG_WARN_INFINITE_RECURSION = YES;
				CLANG_WARN_INT_CONVERSION = YES;
				CLANG_WARN_OBJC_ROOT_CLASS = YES_ERROR;
				CLANG_WARN_SUSPICIOUS_MOVE = YES;
				CLANG_WARN_UNREACHABLE_CODE = YES;
				CLANG_WARN__DUPLICATE_METHOD_MATCH = YES;
				"CODE_SIGN_IDENTITY[sdk=iphoneos*]" = "iPhone Developer";
				COPY_PHASE_STRIP = NO;
				DEBUG_INFORMATION_FORMAT = "dwarf-with-dsym";
				ENABLE_NS_ASSERTIONS = NO;
				ENABLE_STRICT_OBJC_MSGSEND = YES;
				GCC_C_LANGUAGE_STANDARD = gnu99;
				GCC_NO_COMMON_BLOCKS = YES;
				GCC_WARN_64_TO_32_BIT_CONVERSION = YES;
				GCC_WARN_ABOUT_RETURN_TYPE = YES_ERROR;
				GCC_WARN_UNDECLARED_SELECTOR = YES;
				GCC_WARN_UNINITIALIZED_AUTOS = YES_AGGRESSIVE;
				GCC_WARN_UNUSED_FUNCTION = YES;
				GCC_WARN_UNUSED_VARIABLE = YES;
				IPHONEOS_DEPLOYMENT_TARGET = 10.3;
				MTL_ENABLE_DEBUG_INFO = NO;
				SDKROOT = iphoneos;
				SWIFT_OPTIMIZATION_LEVEL = "-Owholemodule";
				TARGETED_DEVICE_FAMILY = "1,2";
				VALIDATE_PRODUCT = YES;
			};
			name = Release;
		};
		D6EB42221F15C7DD00B15984 /* Debug */ = {
			isa = XCBuildConfiguration;
			baseConfigurationReference = F7B04D60AAB93E46F0F7B22A /* Pods-test_calendar.debug.xcconfig */;
			buildSettings = {
				ASSETCATALOG_COMPILER_APPICON_NAME = AppIcon;
				INFOPLIST_FILE = test_calendar/Info.plist;
				LD_RUNPATH_SEARCH_PATHS = "$(inherited) @executable_path/Frameworks";
				PRODUCT_BUNDLE_IDENTIFIER = "tw.test-calendar";
				PRODUCT_NAME = "$(TARGET_NAME)";
				SWIFT_VERSION = 3.0;
			};
			name = Debug;
		};
		D6EB42231F15C7DD00B15984 /* Release */ = {
			isa = XCBuildConfiguration;
			baseConfigurationReference = 0DB31D880F2060DA59F8D229 /* Pods-test_calendar.release.xcconfig */;
			buildSettings = {
				ASSETCATALOG_COMPILER_APPICON_NAME = AppIcon;
				INFOPLIST_FILE = test_calendar/Info.plist;
				LD_RUNPATH_SEARCH_PATHS = "$(inherited) @executable_path/Frameworks";
				PRODUCT_BUNDLE_IDENTIFIER = "tw.test-calendar";
				PRODUCT_NAME = "$(TARGET_NAME)";
				SWIFT_VERSION = 3.0;
			};
			name = Release;
		};
/* End XCBuildConfiguration section */

/* Begin XCConfigurationList section */
		D6EB420A1F15C7DD00B15984 /* Build configuration list for PBXProject "test_calendar" */ = {
			isa = XCConfigurationList;
			buildConfigurations = (
				D6EB421F1F15C7DD00B15984 /* Debug */,
				D6EB42201F15C7DD00B15984 /* Release */,
			);
			defaultConfigurationIsVisible = 0;
			defaultConfigurationName = Release;
		};
		D6EB42211F15C7DD00B15984 /* Build configuration list for PBXNativeTarget "test_calendar" */ = {
			isa = XCConfigurationList;
			buildConfigurations = (
				D6EB42221F15C7DD00B15984 /* Debug */,
				D6EB42231F15C7DD00B15984 /* Release */,
			);
			defaultConfigurationIsVisible = 0;
		};
/* End XCConfigurationList section */
	};
	rootObject = D6EB42071F15C7DD00B15984 /* Project object */;
}
